
Microsoft Visual Studio Solution File, Format Version 12.00
# Visual Studio Version 17
VisualStudioVersion = 17.8.34330.188
MinimumVisualStudioVersion = 10.0.40219.1
Project("{FAE04EC0-301F-11D3-BF4B-00C04F79EFBC}") = "Tesseeses", "Tesseeses.csproj", "{AB6BA557-5E52-4C0A-9771-EF3924F05491}"
EndProject
Global
	GlobalSection(SolutionConfigurationPlatforms) = preSolution
		Debug|Any CPU = Debug|Any CPU
		Release|Any CPU = Release|Any CPU
	EndGlobalSection
	GlobalSection(ProjectConfigurationPlatforms) = postSolution
		{AB6BA557-5E52-4C0A-9771-EF3924F05491}.Debug|Any CPU.ActiveCfg = Debug|Any CPU
		{AB6BA557-5E52-4C0A-9771-EF3924F05491}.Debug|Any CPU.Build.0 = Debug|Any CPU
		{AB6BA557-5E52-4C0A-9771-EF3924F05491}.Release|Any CPU.ActiveCfg = Release|Any CPU
		{AB6BA557-5E52-4C0A-9771-EF3924F05491}.Release|Any CPU.Build.0 = Release|Any CPU
	EndGlobalSection
	GlobalSection(SolutionProperties) = preSolution
		HideSolutionNode = FALSE
	EndGlobalSection
	GlobalSection(ExtensibilityGlobals) = postSolution
		SolutionGuid = {2E571B6A-4231-42DC-93F3-432AB539DBA8}
	EndGlobalSection
EndGlobal
